[[package]]
name = "pyqt6"
version = "6.3.1"
description = "Python bindings for the Qt cross platform application toolkit"
category = "main"
optional = false
python-versions = ">=3.6.1"

[package.dependencies]
PyQt6-Qt6 = ">=6.3.0"
PyQt6-sip = ">=13.4,<14"

[[package]]
name = "pyqt6-qt6"
version = "6.3.1"
description = "The subset of a Qt installation needed by PyQt6."
category = "main"
optional = false
python-versions = "*"

[[package]]
name = "pyqt6-sip"
version = "13.4.0"
description = "The sip module support for PyQt6"
category = "main"
optional = false
python-versions = ">=3.7"

[metadata]
lock-version = "1.1"
python-versions = "^3.10"
content-hash = "e0c2da698a166fd3c741d40db26df89d97f55d5b7121c49b3605279f054efd0c"

[metadata.files]
pyqt6 = []
pyqt6-qt6 = []
pyqt6-sip = []
